# @generated by Move, please check-in and do not edit manually.

[move]
version = 2
manifest_digest = "A9BF4F960DD81204EC1139DF75342404F375A30FDBDD895F3D7031DCD3FE6474"
deps_digest = "F8BBB0CCB2491CA29A3DF03D6F92277A4F3574266507ACD77214D37ECA3F3082"
dependencies = [
  { name = "Sui" },
]

[[move.package]]
name = "MoveStdlib"
source = { git = "https://github.com/MystenLabs/sui.git", rev = "framework/testnet", subdir = "crates/sui-framework/packages/move-stdlib" }

[[move.package]]
name = "Sui"
source = { git = "https://github.com/MystenLabs/sui.git", rev = "framework/testnet", subdir = "crates/sui-framework/packages/sui-framework" }

dependencies = [
  { name = "MoveStdlib" },
]

[move.toolchain-version]
compiler-version = "1.30.1"
edition = "2024.beta"
flavor = "sui"

[env]

[env.mainnet]
chain-id = "35834a8a"
original-published-id = "0x0835c174d43078b9ce830e826e0eaf5b7524634cadb57d413251004e21727772"
latest-published-id = "0x0835c174d43078b9ce830e826e0eaf5b7524634cadb57d413251004e21727772"
published-version = "1"

[env.testnet]
chain-id = "4c78adac"
original-published-id = "0x9eb2648c160c70854b39d1b1d9e828b0f918efe2daf798d9fd936b9d075bc5e1"
latest-published-id = "0x9eb2648c160c70854b39d1b1d9e828b0f918efe2daf798d9fd936b9d075bc5e1"
published-version = "1"
